
Microsoft Visual Studio Solution File, Format Version 12.00
# Visual Studio Version 16
VisualStudioVersion = 16.0.31424.327
MinimumVisualStudioVersion = 10.0.40219.1
Project("{9A19103F-16F7-4668-BE54-9A1E7A4F7556}") = "Interfaz", "FrmEntrada\Interfaz.csproj", "{B0E9A0C5-6E04-4AC7-BFCB-80E0D6862504}"
EndProject
Project("{FAE04EC0-301F-11D3-BF4B-00C04F79EFBC}") = "Biblioteca De Clases", "Biblioteca De Clases\Biblioteca De Clases.csproj", "{21CA8321-1129-40CD-AE05-3323855BBCC5}"
EndProject
Global
	GlobalSection(SolutionConfigurationPlatforms) = preSolution
		Debug|Any CPU = Debug|Any CPU
		Release|Any CPU = Release|Any CPU
	EndGlobalSection
	GlobalSection(ProjectConfigurationPlatforms) = postSolution
		{B0E9A0C5-6E04-4AC7-BFCB-80E0D6862504}.Debug|Any CPU.ActiveCfg = Debug|Any CPU
		{B0E9A0C5-6E04-4AC7-BFCB-80E0D6862504}.Debug|Any CPU.Build.0 = Debug|Any CPU
		{B0E9A0C5-6E04-4AC7-BFCB-80E0D6862504}.Release|Any CPU.ActiveCfg = Release|Any CPU
		{B0E9A0C5-6E04-4AC7-BFCB-80E0D6862504}.Release|Any CPU.Build.0 = Release|Any CPU
		{21CA8321-1129-40CD-AE05-3323855BBCC5}.Debug|Any CPU.ActiveCfg = Debug|Any CPU
		{21CA8321-1129-40CD-AE05-3323855BBCC5}.Debug|Any CPU.Build.0 = Debug|Any CPU
		{21CA8321-1129-40CD-AE05-3323855BBCC5}.Release|Any CPU.ActiveCfg = Release|Any CPU
		{21CA8321-1129-40CD-AE05-3323855BBCC5}.Release|Any CPU.Build.0 = Release|Any CPU
	EndGlobalSection
	GlobalSection(SolutionProperties) = preSolution
		HideSolutionNode = FALSE
	EndGlobalSection
	GlobalSection(ExtensibilityGlobals) = postSolution
		SolutionGuid = {B840B6C7-CD16-45E2-B876-4FA98B59AB20}
	EndGlobalSection
EndGlobal
